// !$*UTF8*$!
{
	archiveVersion = 1;
	classes = {
	};
	objectVersion = 52;
	objects = {

/* Begin PBXBuildFile section */
		AE39F16926543D200040A1DA /* LoadingTableViewCell.xib in Resources */ = {isa = PBXBuildFile; fileRef = AE39F16826543D200040A1DA /* LoadingTableViewCell.xib */; };
		AE39F16A26543D200040A1DA /* LoadingTableViewCell.xib in Resources */ = {isa = PBXBuildFile; fileRef = AE39F16826543D200040A1DA /* LoadingTableViewCell.xib */; };
		AE39F16B26543D200040A1DA /* LoadingTableViewCell.xib in Resources */ = {isa = PBXBuildFile; fileRef = AE39F16826543D200040A1DA /* LoadingTableViewCell.xib */; };
		AE39F16D26543DC60040A1DA /* LoadingTableViewCell.swift in Sources */ = {isa = PBXBuildFile; fileRef = AE39F16C26543DC60040A1DA /* LoadingTableViewCell.swift */; };
		AE39F16E26543DC60040A1DA /* LoadingTableViewCell.swift in Sources */ = {isa = PBXBuildFile; fileRef = AE39F16C26543DC60040A1DA /* LoadingTableViewCell.swift */; };
		AE39F16F26543DC60040A1DA /* LoadingTableViewCell.swift in Sources */ = {isa = PBXBuildFile; fileRef = AE39F16C26543DC60040A1DA /* LoadingTableViewCell.swift */; };
		AE39F172265461850040A1DA /* Encodable.swift in Sources */ = {isa = PBXBuildFile; fileRef = AE39F171265461850040A1DA /* Encodable.swift */; };
		AE39F173265461850040A1DA /* Encodable.swift in Sources */ = {isa = PBXBuildFile; fileRef = AE39F171265461850040A1DA /* Encodable.swift */; };
		AE39F174265461850040A1DA /* Encodable.swift in Sources */ = {isa = PBXBuildFile; fileRef = AE39F171265461850040A1DA /* Encodable.swift */; };
		AE39F176265462FE0040A1DA /* Dictionary.swift in Sources */ = {isa = PBXBuildFile; fileRef = AE39F175265462FE0040A1DA /* Dictionary.swift */; };
		AE39F177265462FE0040A1DA /* Dictionary.swift in Sources */ = {isa = PBXBuildFile; fileRef = AE39F175265462FE0040A1DA /* Dictionary.swift */; };
		AE39F178265462FE0040A1DA /* Dictionary.swift in Sources */ = {isa = PBXBuildFile; fileRef = AE39F175265462FE0040A1DA /* Dictionary.swift */; };
		AE3D20E2264EB2E900DC5EBA /* SimpleTableViewCell.xib in Resources */ = {isa = PBXBuildFile; fileRef = AE3D20E1264EB2E900DC5EBA /* SimpleTableViewCell.xib */; };
		AE3D20E3264EB2F000DC5EBA /* SimpleTableViewCell.xib in Resources */ = {isa = PBXBuildFile; fileRef = AE3D20E1264EB2E900DC5EBA /* SimpleTableViewCell.xib */; };
		AE3D20E4264EB2F100DC5EBA /* SimpleTableViewCell.xib in Resources */ = {isa = PBXBuildFile; fileRef = AE3D20E1264EB2E900DC5EBA /* SimpleTableViewCell.xib */; };
		AE3D20E6264EB54E00DC5EBA /* SimpleTableViewCell.swift in Sources */ = {isa = PBXBuildFile; fileRef = AE3D20E5264EB54E00DC5EBA /* SimpleTableViewCell.swift */; };
		AE3D20E7264EB54E00DC5EBA /* SimpleTableViewCell.swift in Sources */ = {isa = PBXBuildFile; fileRef = AE3D20E5264EB54E00DC5EBA /* SimpleTableViewCell.swift */; };
		AE3D20E8264EB54E00DC5EBA /* SimpleTableViewCell.swift in Sources */ = {isa = PBXBuildFile; fileRef = AE3D20E5264EB54E00DC5EBA /* SimpleTableViewCell.swift */; };
		AE3D20EB264EB63B00DC5EBA /* SkeletonView in Frameworks */ = {isa = PBXBuildFile; productRef = AE3D20EA264EB63B00DC5EBA /* SkeletonView */; };
		AE3D20ED264EC30600DC5EBA /* Thumbnail.swift in Sources */ = {isa = PBXBuildFile; fileRef = AE3D20EC264EC30600DC5EBA /* Thumbnail.swift */; };
		AE3D20EE264EC30600DC5EBA /* Thumbnail.swift in Sources */ = {isa = PBXBuildFile; fileRef = AE3D20EC264EC30600DC5EBA /* Thumbnail.swift */; };
		AE3D20EF264EC30600DC5EBA /* Thumbnail.swift in Sources */ = {isa = PBXBuildFile; fileRef = AE3D20EC264EC30600DC5EBA /* Thumbnail.swift */; };
		AE3D20F1264ED11900DC5EBA /* MyViewController.swift in Sources */ = {isa = PBXBuildFile; fileRef = AE3D20F0264ED11900DC5EBA /* MyViewController.swift */; };
		AE3D20F2264ED11900DC5EBA /* MyViewController.swift in Sources */ = {isa = PBXBuildFile; fileRef = AE3D20F0264ED11900DC5EBA /* MyViewController.swift */; };
		AE3D20F3264ED11900DC5EBA /* MyViewController.swift in Sources */ = {isa = PBXBuildFile; fileRef = AE3D20F0264ED11900DC5EBA /* MyViewController.swift */; };
		AEC9614B264DCC070062945A /* Utils.swift in Sources */ = {isa = PBXBuildFile; fileRef = AEC9614A264DCC070062945A /* Utils.swift */; };
		AEC9614C264DCC070062945A /* Utils.swift in Sources */ = {isa = PBXBuildFile; fileRef = AEC9614A264DCC070062945A /* Utils.swift */; };
		AEC9614D264DCC070062945A /* Utils.swift in Sources */ = {isa = PBXBuildFile; fileRef = AEC9614A264DCC070062945A /* Utils.swift */; };
		AEC96155264DCE0F0062945A /* CharacterListScenePresenter.swift in Sources */ = {isa = PBXBuildFile; fileRef = AEC9614F264DCE0F0062945A /* CharacterListScenePresenter.swift */; };
		AEC96156264DCE0F0062945A /* CharacterListScenePresenter.swift in Sources */ = {isa = PBXBuildFile; fileRef = AEC9614F264DCE0F0062945A /* CharacterListScenePresenter.swift */; };
		AEC96157264DCE0F0062945A /* CharacterListScenePresenter.swift in Sources */ = {isa = PBXBuildFile; fileRef = AEC9614F264DCE0F0062945A /* CharacterListScenePresenter.swift */; };
		AEC96158264DCE0F0062945A /* CharacterListSceneWorker.swift in Sources */ = {isa = PBXBuildFile; fileRef = AEC96150264DCE0F0062945A /* CharacterListSceneWorker.swift */; };
		AEC96159264DCE0F0062945A /* CharacterListSceneWorker.swift in Sources */ = {isa = PBXBuildFile; fileRef = AEC96150264DCE0F0062945A /* CharacterListSceneWorker.swift */; };
		AEC9615A264DCE0F0062945A /* CharacterListSceneWorker.swift in Sources */ = {isa = PBXBuildFile; fileRef = AEC96150264DCE0F0062945A /* CharacterListSceneWorker.swift */; };
		AEC9615B264DCE0F0062945A /* CharacterListSceneRouter.swift in Sources */ = {isa = PBXBuildFile; fileRef = AEC96151264DCE0F0062945A /* CharacterListSceneRouter.swift */; };
		AEC9615C264DCE0F0062945A /* CharacterListSceneRouter.swift in Sources */ = {isa = PBXBuildFile; fileRef = AEC96151264DCE0F0062945A /* CharacterListSceneRouter.swift */; };
		AEC9615D264DCE0F0062945A /* CharacterListSceneRouter.swift in Sources */ = {isa = PBXBuildFile; fileRef = AEC96151264DCE0F0062945A /* CharacterListSceneRouter.swift */; };
		AEC9615E264DCE0F0062945A /* CharacterListSceneModels.swift in Sources */ = {isa = PBXBuildFile; fileRef = AEC96152264DCE0F0062945A /* CharacterListSceneModels.swift */; };
		AEC9615F264DCE0F0062945A /* CharacterListSceneModels.swift in Sources */ = {isa = PBXBuildFile; fileRef = AEC96152264DCE0F0062945A /* CharacterListSceneModels.swift */; };
		AEC96160264DCE0F0062945A /* CharacterListSceneModels.swift in Sources */ = {isa = PBXBuildFile; fileRef = AEC96152264DCE0F0062945A /* CharacterListSceneModels.swift */; };
		AEC96161264DCE0F0062945A /* CharacterListSceneViewController.swift in Sources */ = {isa = PBXBuildFile; fileRef = AEC96153264DCE0F0062945A /* CharacterListSceneViewController.swift */; };
		AEC96162264DCE0F0062945A /* CharacterListSceneViewController.swift in Sources */ = {isa = PBXBuildFile; fileRef = AEC96153264DCE0F0062945A /* CharacterListSceneViewController.swift */; };
		AEC96163264DCE0F0062945A /* CharacterListSceneViewController.swift in Sources */ = {isa = PBXBuildFile; fileRef = AEC96153264DCE0F0062945A /* CharacterListSceneViewController.swift */; };
		AEC96164264DCE0F0062945A /* CharacterListSceneInteractor.swift in Sources */ = {isa = PBXBuildFile; fileRef = AEC96154264DCE0F0062945A /* CharacterListSceneInteractor.swift */; };
		AEC96165264DCE0F0062945A /* CharacterListSceneInteractor.swift in Sources */ = {isa = PBXBuildFile; fileRef = AEC96154264DCE0F0062945A /* CharacterListSceneInteractor.swift */; };
		AEC96166264DCE0F0062945A /* CharacterListSceneInteractor.swift in Sources */ = {isa = PBXBuildFile; fileRef = AEC96154264DCE0F0062945A /* CharacterListSceneInteractor.swift */; };
		AEDCBA742649DA180098ED69 /* AppDelegate.swift in Sources */ = {isa = PBXBuildFile; fileRef = AEDCBA732649DA180098ED69 /* AppDelegate.swift */; };
		AEDCBA762649DA180098ED69 /* SceneDelegate.swift in Sources */ = {isa = PBXBuildFile; fileRef = AEDCBA752649DA180098ED69 /* SceneDelegate.swift */; };
		AEDCBA7B2649DA180098ED69 /* Main.storyboard in Resources */ = {isa = PBXBuildFile; fileRef = AEDCBA792649DA180098ED69 /* Main.storyboard */; };
		AEDCBA7E2649DA180098ED69 /* MarvelTest.xcdatamodeld in Sources */ = {isa = PBXBuildFile; fileRef = AEDCBA7C2649DA180098ED69 /* MarvelTest.xcdatamodeld */; };
		AEDCBA802649DA1A0098ED69 /* Assets.xcassets in Resources */ = {isa = PBXBuildFile; fileRef = AEDCBA7F2649DA1A0098ED69 /* Assets.xcassets */; };
		AEDCBA832649DA1A0098ED69 /* LaunchScreen.storyboard in Resources */ = {isa = PBXBuildFile; fileRef = AEDCBA812649DA1A0098ED69 /* LaunchScreen.storyboard */; };
		AEDCBA8E2649DA1A0098ED69 /* MarvelTestTests.swift in Sources */ = {isa = PBXBuildFile; fileRef = AEDCBA8D2649DA1A0098ED69 /* MarvelTestTests.swift */; };
		AEDCBA992649DA1A0098ED69 /* MarvelTestUITests.swift in Sources */ = {isa = PBXBuildFile; fileRef = AEDCBA982649DA1A0098ED69 /* MarvelTestUITests.swift */; };
		AEDCBAA8264AFDCA0098ED69 /* Alamofire in Frameworks */ = {isa = PBXBuildFile; productRef = AEDCBAA7264AFDCA0098ED69 /* Alamofire */; };
		AEDCBAAB264AFDEB0098ED69 /* AlamofireImage in Frameworks */ = {isa = PBXBuildFile; productRef = AEDCBAAA264AFDEB0098ED69 /* AlamofireImage */; };
		AEDCBAAE264AFE010098ED69 /* SwiftyJSON in Frameworks */ = {isa = PBXBuildFile; productRef = AEDCBAAD264AFE010098ED69 /* SwiftyJSON */; };
		AEF2FDBF264B0BD600521FC5 /* Constants.swift in Sources */ = {isa = PBXBuildFile; fileRef = AEF2FDBE264B0BD600521FC5 /* Constants.swift */; };
		AEF2FDC0264B0BD600521FC5 /* Constants.swift in Sources */ = {isa = PBXBuildFile; fileRef = AEF2FDBE264B0BD600521FC5 /* Constants.swift */; };
		AEF2FDC1264B0BD600521FC5 /* Constants.swift in Sources */ = {isa = PBXBuildFile; fileRef = AEF2FDBE264B0BD600521FC5 /* Constants.swift */; };
		AEF2FDC7264B108300521FC5 /* GeneralApi.swift in Sources */ = {isa = PBXBuildFile; fileRef = AEF2FDC6264B108300521FC5 /* GeneralApi.swift */; };
		AEF2FDC8264B108300521FC5 /* GeneralApi.swift in Sources */ = {isa = PBXBuildFile; fileRef = AEF2FDC6264B108300521FC5 /* GeneralApi.swift */; };
		AEF2FDC9264B108300521FC5 /* GeneralApi.swift in Sources */ = {isa = PBXBuildFile; fileRef = AEF2FDC6264B108300521FC5 /* GeneralApi.swift */; };
		AEF2FDCB264B292B00521FC5 /* Character.swift in Sources */ = {isa = PBXBuildFile; fileRef = AEF2FDCA264B292B00521FC5 /* Character.swift */; };
		AEF2FDCC264B292B00521FC5 /* Character.swift in Sources */ = {isa = PBXBuildFile; fileRef = AEF2FDCA264B292B00521FC5 /* Character.swift */; };
		AEF2FDCD264B292B00521FC5 /* Character.swift in Sources */ = {isa = PBXBuildFile; fileRef = AEF2FDCA264B292B00521FC5 /* Character.swift */; };
		AEF2FDCF264B2E2000521FC5 /* PaginatedList.swift in Sources */ = {isa = PBXBuildFile; fileRef = AEF2FDCE264B2E2000521FC5 /* PaginatedList.swift */; };
		AEF2FDD0264B2E2000521FC5 /* PaginatedList.swift in Sources */ = {isa = PBXBuildFile; fileRef = AEF2FDCE264B2E2000521FC5 /* PaginatedList.swift */; };
		AEF2FDD1264B2E2000521FC5 /* PaginatedList.swift in Sources */ = {isa = PBXBuildFile; fileRef = AEF2FDCE264B2E2000521FC5 /* PaginatedList.swift */; };
		AEF2FDD3264B355B00521FC5 /* BaseWrapper.swift in Sources */ = {isa = PBXBuildFile; fileRef = AEF2FDD2264B355B00521FC5 /* BaseWrapper.swift */; };
		AEF2FDD4264B355B00521FC5 /* BaseWrapper.swift in Sources */ = {isa = PBXBuildFile; fileRef = AEF2FDD2264B355B00521FC5 /* BaseWrapper.swift */; };
		AEF2FDD5264B355B00521FC5 /* BaseWrapper.swift in Sources */ = {isa = PBXBuildFile; fileRef = AEF2FDD2264B355B00521FC5 /* BaseWrapper.swift */; };
/* End PBXBuildFile section */

/* Begin PBXContainerItemProxy section */
		AEDCBA8A2649DA1A0098ED69 /* PBXContainerItemProxy */ = {
			isa = PBXContainerItemProxy;
			containerPortal = AEDCBA682649DA170098ED69 /* Project object */;
			proxyType = 1;
			remoteGlobalIDString = AEDCBA6F2649DA180098ED69;
			remoteInfo = MarvelTest;
		};
		AEDCBA952649DA1A0098ED69 /* PBXContainerItemProxy */ = {
			isa = PBXContainerItemProxy;
			containerPortal = AEDCBA682649DA170098ED69 /* Project object */;
			proxyType = 1;
			remoteGlobalIDString = AEDCBA6F2649DA180098ED69;
			remoteInfo = MarvelTest;
		};
/* End PBXContainerItemProxy section */

/* Begin PBXFileReference section */
		AE39F16826543D200040A1DA /* LoadingTableViewCell.xib */ = {isa = PBXFileReference; lastKnownFileType = file.xib; path = LoadingTableViewCell.xib; sourceTree = "<group>"; };
		AE39F16C26543DC60040A1DA /* LoadingTableViewCell.swift */ = {isa = PBXFileReference; lastKnownFileType = sourcecode.swift; path = LoadingTableViewCell.swift; sourceTree = "<group>"; };
		AE39F171265461850040A1DA /* Encodable.swift */ = {isa = PBXFileReference; lastKnownFileType = sourcecode.swift; path = Encodable.swift; sourceTree = "<group>"; };
		AE39F175265462FE0040A1DA /* Dictionary.swift */ = {isa = PBXFileReference; lastKnownFileType = sourcecode.swift; path = Dictionary.swift; sourceTree = "<group>"; };
		AE3D20E1264EB2E900DC5EBA /* SimpleTableViewCell.xib */ = {isa = PBXFileReference; lastKnownFileType = file.xib; path = SimpleTableViewCell.xib; sourceTree = "<group>"; };
		AE3D20E5264EB54E00DC5EBA /* SimpleTableViewCell.swift */ = {isa = PBXFileReference; lastKnownFileType = sourcecode.swift; path = SimpleTableViewCell.swift; sourceTree = "<group>"; };
		AE3D20EC264EC30600DC5EBA /* Thumbnail.swift */ = {isa = PBXFileReference; lastKnownFileType = sourcecode.swift; path = Thumbnail.swift; sourceTree = "<group>"; };
		AE3D20F0264ED11900DC5EBA /* MyViewController.swift */ = {isa = PBXFileReference; fileEncoding = 4; lastKnownFileType = sourcecode.swift; path = MyViewController.swift; sourceTree = "<group>"; };
		AEC9614A264DCC070062945A /* Utils.swift */ = {isa = PBXFileReference; lastKnownFileType = sourcecode.swift; path = Utils.swift; sourceTree = "<group>"; };
		AEC9614F264DCE0F0062945A /* CharacterListScenePresenter.swift */ = {isa = PBXFileReference; lastKnownFileType = sourcecode.swift; path = CharacterListScenePresenter.swift; sourceTree = "<group>"; };
		AEC96150264DCE0F0062945A /* CharacterListSceneWorker.swift */ = {isa = PBXFileReference; lastKnownFileType = sourcecode.swift; path = CharacterListSceneWorker.swift; sourceTree = "<group>"; };
		AEC96151264DCE0F0062945A /* CharacterListSceneRouter.swift */ = {isa = PBXFileReference; lastKnownFileType = sourcecode.swift; path = CharacterListSceneRouter.swift; sourceTree = "<group>"; };
		AEC96152264DCE0F0062945A /* CharacterListSceneModels.swift */ = {isa = PBXFileReference; lastKnownFileType = sourcecode.swift; path = CharacterListSceneModels.swift; sourceTree = "<group>"; };
		AEC96153264DCE0F0062945A /* CharacterListSceneViewController.swift */ = {isa = PBXFileReference; lastKnownFileType = sourcecode.swift; path = CharacterListSceneViewController.swift; sourceTree = "<group>"; };
		AEC96154264DCE0F0062945A /* CharacterListSceneInteractor.swift */ = {isa = PBXFileReference; lastKnownFileType = sourcecode.swift; path = CharacterListSceneInteractor.swift; sourceTree = "<group>"; };
		AEDCBA702649DA180098ED69 /* MarvelTest.app */ = {isa = PBXFileReference; explicitFileType = wrapper.application; includeInIndex = 0; path = MarvelTest.app; sourceTree = BUILT_PRODUCTS_DIR; };
		AEDCBA732649DA180098ED69 /* AppDelegate.swift */ = {isa = PBXFileReference; lastKnownFileType = sourcecode.swift; path = AppDelegate.swift; sourceTree = "<group>"; };
		AEDCBA752649DA180098ED69 /* SceneDelegate.swift */ = {isa = PBXFileReference; lastKnownFileType = sourcecode.swift; path = SceneDelegate.swift; sourceTree = "<group>"; };
		AEDCBA7A2649DA180098ED69 /* Base */ = {isa = PBXFileReference; lastKnownFileType = file.storyboard; name = Base; path = Base.lproj/Main.storyboard; sourceTree = "<group>"; };
		AEDCBA7D2649DA180098ED69 /* MarvelTest.xcdatamodel */ = {isa = PBXFileReference; lastKnownFileType = wrapper.xcdatamodel; path = MarvelTest.xcdatamodel; sourceTree = "<group>"; };
		AEDCBA7F2649DA1A0098ED69 /* Assets.xcassets */ = {isa = PBXFileReference; lastKnownFileType = folder.assetcatalog; path = Assets.xcassets; sourceTree = "<group>"; };
		AEDCBA822649DA1A0098ED69 /* Base */ = {isa = PBXFileReference; lastKnownFileType = file.storyboard; name = Base; path = Base.lproj/LaunchScreen.storyboard; sourceTree = "<group>"; };
		AEDCBA842649DA1A0098ED69 /* Info.plist */ = {isa = PBXFileReference; lastKnownFileType = text.plist.xml; path = Info.plist; sourceTree = "<group>"; };
		AEDCBA892649DA1A0098ED69 /* MarvelTestTests.xctest */ = {isa = PBXFileReference; explicitFileType = wrapper.cfbundle; includeInIndex = 0; path = MarvelTestTests.xctest; sourceTree = BUILT_PRODUCTS_DIR; };
		AEDCBA8D2649DA1A0098ED69 /* MarvelTestTests.swift */ = {isa = PBXFileReference; lastKnownFileType = sourcecode.swift; path = MarvelTestTests.swift; sourceTree = "<group>"; };
		AEDCBA8F2649DA1A0098ED69 /* Info.plist */ = {isa = PBXFileReference; lastKnownFileType = text.plist.xml; path = Info.plist; sourceTree = "<group>"; };
		AEDCBA942649DA1A0098ED69 /* MarvelTestUITests.xctest */ = {isa = PBXFileReference; explicitFileType = wrapper.cfbundle; includeInIndex = 0; path = MarvelTestUITests.xctest; sourceTree = BUILT_PRODUCTS_DIR; };
		AEDCBA982649DA1A0098ED69 /* MarvelTestUITests.swift */ = {isa = PBXFileReference; lastKnownFileType = sourcecode.swift; path = MarvelTestUITests.swift; sourceTree = "<group>"; };
		AEDCBA9A2649DA1A0098ED69 /* Info.plist */ = {isa = PBXFileReference; lastKnownFileType = text.plist.xml; path = Info.plist; sourceTree = "<group>"; };
		AEF2FDBE264B0BD600521FC5 /* Constants.swift */ = {isa = PBXFileReference; lastKnownFileType = sourcecode.swift; path = Constants.swift; sourceTree = "<group>"; };
		AEF2FDC6264B108300521FC5 /* GeneralApi.swift */ = {isa = PBXFileReference; lastKnownFileType = sourcecode.swift; path = GeneralApi.swift; sourceTree = "<group>"; };
		AEF2FDCA264B292B00521FC5 /* Character.swift */ = {isa = PBXFileReference; lastKnownFileType = sourcecode.swift; path = Character.swift; sourceTree = "<group>"; };
		AEF2FDCE264B2E2000521FC5 /* PaginatedList.swift */ = {isa = PBXFileReference; lastKnownFileType = sourcecode.swift; path = PaginatedList.swift; sourceTree = "<group>"; };
		AEF2FDD2264B355B00521FC5 /* BaseWrapper.swift */ = {isa = PBXFileReference; lastKnownFileType = sourcecode.swift; path = BaseWrapper.swift; sourceTree = "<group>"; };
/* End PBXFileReference section */

/* Begin PBXFrameworksBuildPhase section */
		AEDCBA6D2649DA180098ED69 /* Frameworks */ = {
			isa = PBXFrameworksBuildPhase;
			buildActionMask = 2147483647;
			files = (
				AE3D20EB264EB63B00DC5EBA /* SkeletonView in Frameworks */,
				AEDCBAAE264AFE010098ED69 /* SwiftyJSON in Frameworks */,
				AEDCBAA8264AFDCA0098ED69 /* Alamofire in Frameworks */,
				AEDCBAAB264AFDEB0098ED69 /* AlamofireImage in Frameworks */,
			);
			runOnlyForDeploymentPostprocessing = 0;
		};
		AEDCBA862649DA1A0098ED69 /* Frameworks */ = {
			isa = PBXFrameworksBuildPhase;
			buildActionMask = 2147483647;
			files = (
			);
			runOnlyForDeploymentPostprocessing = 0;
		};
		AEDCBA912649DA1A0098ED69 /* Frameworks */ = {
			isa = PBXFrameworksBuildPhase;
			buildActionMask = 2147483647;
			files = (
			);
			runOnlyForDeploymentPostprocessing = 0;
		};
/* End PBXFrameworksBuildPhase section */

/* Begin PBXGroup section */
		AE39F170265461580040A1DA /* Extensions */ = {
			isa = PBXGroup;
			children = (
				AE39F171265461850040A1DA /* Encodable.swift */,
				AE39F175265462FE0040A1DA /* Dictionary.swift */,
			);
			path = Extensions;
			sourceTree = "<group>";
		};
		AE3D20DF264EB2A500DC5EBA /* UI */ = {
			isa = PBXGroup;
			children = (
				AE3D20F0264ED11900DC5EBA /* MyViewController.swift */,
				AE3D20E0264EB2B000DC5EBA /* Cells */,
			);
			path = UI;
			sourceTree = "<group>";
		};
		AE3D20E0264EB2B000DC5EBA /* Cells */ = {
			isa = PBXGroup;
			children = (
				AE3D20E1264EB2E900DC5EBA /* SimpleTableViewCell.xib */,
				AE3D20E5264EB54E00DC5EBA /* SimpleTableViewCell.swift */,
				AE39F16826543D200040A1DA /* LoadingTableViewCell.xib */,
				AE39F16C26543DC60040A1DA /* LoadingTableViewCell.swift */,
			);
			path = Cells;
			sourceTree = "<group>";
		};
		AE3D20F4264ED13F00DC5EBA /* SupportingFiles */ = {
			isa = PBXGroup;
			children = (
				AE39F170265461580040A1DA /* Extensions */,
				AEF2FDBE264B0BD600521FC5 /* Constants.swift */,
				AEC9614A264DCC070062945A /* Utils.swift */,
			);
			path = SupportingFiles;
			sourceTree = "<group>";
		};
		AEC9614E264DCD870062945A /* Scenes */ = {
			isa = PBXGroup;
			children = (
				AEC96167264DCE170062945A /* CharacterList */,
			);
			path = Scenes;
			sourceTree = "<group>";
		};
		AEC96167264DCE170062945A /* CharacterList */ = {
			isa = PBXGroup;
			children = (
				AEC96150264DCE0F0062945A /* CharacterListSceneWorker.swift */,
				AEC9614F264DCE0F0062945A /* CharacterListScenePresenter.swift */,
				AEC96151264DCE0F0062945A /* CharacterListSceneRouter.swift */,
				AEC96152264DCE0F0062945A /* CharacterListSceneModels.swift */,
				AEC96154264DCE0F0062945A /* CharacterListSceneInteractor.swift */,
				AEC96153264DCE0F0062945A /* CharacterListSceneViewController.swift */,
			);
			path = CharacterList;
			sourceTree = "<group>";
		};
		AEDCBA672649DA170098ED69 = {
			isa = PBXGroup;
			children = (
				AEDCBA722649DA180098ED69 /* MarvelTest */,
				AEDCBA8C2649DA1A0098ED69 /* MarvelTestTests */,
				AEDCBA972649DA1A0098ED69 /* MarvelTestUITests */,
				AEDCBA712649DA180098ED69 /* Products */,
			);
			sourceTree = "<group>";
		};
		AEDCBA712649DA180098ED69 /* Products */ = {
			isa = PBXGroup;
			children = (
				AEDCBA702649DA180098ED69 /* MarvelTest.app */,
				AEDCBA892649DA1A0098ED69 /* MarvelTestTests.xctest */,
				AEDCBA942649DA1A0098ED69 /* MarvelTestUITests.xctest */,
			);
			name = Products;
			sourceTree = "<group>";
		};
		AEDCBA722649DA180098ED69 /* MarvelTest */ = {
			isa = PBXGroup;
			children = (
				AEDCBA732649DA180098ED69 /* AppDelegate.swift */,
				AEDCBA752649DA180098ED69 /* SceneDelegate.swift */,
				AEDCBA792649DA180098ED69 /* Main.storyboard */,
				AEDCBA812649DA1A0098ED69 /* LaunchScreen.storyboard */,
				AEDCBA7F2649DA1A0098ED69 /* Assets.xcassets */,
				AEDCBA842649DA1A0098ED69 /* Info.plist */,
				AEDCBA7C2649DA180098ED69 /* MarvelTest.xcdatamodeld */,
				AEF2FDC2264B0FB300521FC5 /* Data */,
				AEC9614E264DCD870062945A /* Scenes */,
				AE3D20DF264EB2A500DC5EBA /* UI */,
				AE3D20F4264ED13F00DC5EBA /* SupportingFiles */,
			);
			path = MarvelTest;
			sourceTree = "<group>";
		};
		AEDCBA8C2649DA1A0098ED69 /* MarvelTestTests */ = {
			isa = PBXGroup;
			children = (
				AEDCBA8D2649DA1A0098ED69 /* MarvelTestTests.swift */,
				AEDCBA8F2649DA1A0098ED69 /* Info.plist */,
			);
			path = MarvelTestTests;
			sourceTree = "<group>";
		};
		AEDCBA972649DA1A0098ED69 /* MarvelTestUITests */ = {
			isa = PBXGroup;
			children = (
				AEDCBA982649DA1A0098ED69 /* MarvelTestUITests.swift */,
				AEDCBA9A2649DA1A0098ED69 /* Info.plist */,
			);
			path = MarvelTestUITests;
			sourceTree = "<group>";
		};
		AEF2FDC2264B0FB300521FC5 /* Data */ = {
			isa = PBXGroup;
			children = (
				AEF2FDC3264B0FDE00521FC5 /* Models */,
				AEF2FDC4264B101400521FC5 /* Remote */,
			);
			path = Data;
			sourceTree = "<group>";
		};
		AEF2FDC3264B0FDE00521FC5 /* Models */ = {
			isa = PBXGroup;
			children = (
				AEF2FDCE264B2E2000521FC5 /* PaginatedList.swift */,
				AEF2FDCA264B292B00521FC5 /* Character.swift */,
				AE3D20EC264EC30600DC5EBA /* Thumbnail.swift */,
				AEF2FDD2264B355B00521FC5 /* BaseWrapper.swift */,
			);
			path = Models;
			sourceTree = "<group>";
		};
		AEF2FDC4264B101400521FC5 /* Remote */ = {
			isa = PBXGroup;
			children = (
				AEF2FDC5264B103300521FC5 /* Api */,
			);
			path = Remote;
			sourceTree = "<group>";
		};
		AEF2FDC5264B103300521FC5 /* Api */ = {
			isa = PBXGroup;
			children = (
				AEF2FDC6264B108300521FC5 /* GeneralApi.swift */,
			);
			path = Api;
			sourceTree = "<group>";
		};
/* End PBXGroup section */

/* Begin PBXNativeTarget section */
		AEDCBA6F2649DA180098ED69 /* MarvelTest */ = {
			isa = PBXNativeTarget;
			buildConfigurationList = AEDCBA9D2649DA1A0098ED69 /* Build configuration list for PBXNativeTarget "MarvelTest" */;
			buildPhases = (
				AEDCBA6C2649DA180098ED69 /* Sources */,
				AEDCBA6D2649DA180098ED69 /* Frameworks */,
				AEDCBA6E2649DA180098ED69 /* Resources */,
			);
			buildRules = (
			);
			dependencies = (
			);
			name = MarvelTest;
			packageProductDependencies = (
				AEDCBAA7264AFDCA0098ED69 /* Alamofire */,
				AEDCBAAA264AFDEB0098ED69 /* AlamofireImage */,
				AEDCBAAD264AFE010098ED69 /* SwiftyJSON */,
				AE3D20EA264EB63B00DC5EBA /* SkeletonView */,
			);
			productName = MarvelTest;
			productReference = AEDCBA702649DA180098ED69 /* MarvelTest.app */;
			productType = "com.apple.product-type.application";
		};
		AEDCBA882649DA1A0098ED69 /* MarvelTestTests */ = {
			isa = PBXNativeTarget;
			buildConfigurationList = AEDCBAA02649DA1A0098ED69 /* Build configuration list for PBXNativeTarget "MarvelTestTests" */;
			buildPhases = (
				AEDCBA852649DA1A0098ED69 /* Sources */,
				AEDCBA862649DA1A0098ED69 /* Frameworks */,
				AEDCBA872649DA1A0098ED69 /* Resources */,
			);
			buildRules = (
			);
			dependencies = (
				AEDCBA8B2649DA1A0098ED69 /* PBXTargetDependency */,
			);
			name = MarvelTestTests;
			productName = MarvelTestTests;
			productReference = AEDCBA892649DA1A0098ED69 /* MarvelTestTests.xctest */;
			productType = "com.apple.product-type.bundle.unit-test";
		};
		AEDCBA932649DA1A0098ED69 /* MarvelTestUITests */ = {
			isa = PBXNativeTarget;
			buildConfigurationList = AEDCBAA32649DA1A0098ED69 /* Build configuration list for PBXNativeTarget "MarvelTestUITests" */;
			buildPhases = (
				AEDCBA902649DA1A0098ED69 /* Sources */,
				AEDCBA912649DA1A0098ED69 /* Frameworks */,
				AEDCBA922649DA1A0098ED69 /* Resources */,
			);
			buildRules = (
			);
			dependencies = (
				AEDCBA962649DA1A0098ED69 /* PBXTargetDependency */,
			);
			name = MarvelTestUITests;
			productName = MarvelTestUITests;
			productReference = AEDCBA942649DA1A0098ED69 /* MarvelTestUITests.xctest */;
			productType = "com.apple.product-type.bundle.ui-testing";
		};
/* End PBXNativeTarget section */

/* Begin PBXProject section */
		AEDCBA682649DA170098ED69 /* Project object */ = {
			isa = PBXProject;
			attributes = {
				LastSwiftUpdateCheck = 1250;
				LastUpgradeCheck = 1250;
				TargetAttributes = {
					AEDCBA6F2649DA180098ED69 = {
						CreatedOnToolsVersion = 12.5;
					};
					AEDCBA882649DA1A0098ED69 = {
						CreatedOnToolsVersion = 12.5;
						TestTargetID = AEDCBA6F2649DA180098ED69;
					};
					AEDCBA932649DA1A0098ED69 = {
						CreatedOnToolsVersion = 12.5;
						TestTargetID = AEDCBA6F2649DA180098ED69;
					};
				};
			};
			buildConfigurationList = AEDCBA6B2649DA170098ED69 /* Build configuration list for PBXProject "MarvelTest" */;
			compatibilityVersion = "Xcode 9.3";
			developmentRegion = en;
			hasScannedForEncodings = 0;
			knownRegions = (
				en,
				Base,
			);
			mainGroup = AEDCBA672649DA170098ED69;
			packageReferences = (
				AEDCBAA6264AFDCA0098ED69 /* XCRemoteSwiftPackageReference "Alamofire" */,
				AEDCBAA9264AFDEB0098ED69 /* XCRemoteSwiftPackageReference "AlamofireImage" */,
				AEDCBAAC264AFE010098ED69 /* XCRemoteSwiftPackageReference "SwiftyJSON" */,
				AE3D20E9264EB63B00DC5EBA /* XCRemoteSwiftPackageReference "SkeletonView" */,
			);
			productRefGroup = AEDCBA712649DA180098ED69 /* Products */;
			projectDirPath = "";
			projectRoot = "";
			targets = (
				AEDCBA6F2649DA180098ED69 /* MarvelTest */,
				AEDCBA882649DA1A0098ED69 /* MarvelTestTests */,
				AEDCBA932649DA1A0098ED69 /* MarvelTestUITests */,
			);
		};
/* End PBXProject section */

/* Begin PBXResourcesBuildPhase section */
		AEDCBA6E2649DA180098ED69 /* Resources */ = {
			isa = PBXResourcesBuildPhase;
			buildActionMask = 2147483647;
			files = (
				AEDCBA832649DA1A0098ED69 /* LaunchScreen.storyboard in Resources */,
				AE39F16926543D200040A1DA /* LoadingTableViewCell.xib in Resources */,
				AE3D20E2264EB2E900DC5EBA /* SimpleTableViewCell.xib in Resources */,
				AEDCBA802649DA1A0098ED69 /* Assets.xcassets in Resources */,
				AEDCBA7B2649DA180098ED69 /* Main.storyboard in Resources */,
			);
			runOnlyForDeploymentPostprocessing = 0;
		};
		AEDCBA872649DA1A0098ED69 /* Resources */ = {
			isa = PBXResourcesBuildPhase;
			buildActionMask = 2147483647;
			files = (
				AE39F16A26543D200040A1DA /* LoadingTableViewCell.xib in Resources */,
				AE3D20E3264EB2F000DC5EBA /* SimpleTableViewCell.xib in Resources */,
			);
			runOnlyForDeploymentPostprocessing = 0;
		};
		AEDCBA922649DA1A0098ED69 /* Resources */ = {
			isa = PBXResourcesBuildPhase;
			buildActionMask = 2147483647;
			files = (
				AE39F16B26543D200040A1DA /* LoadingTableViewCell.xib in Resources */,
				AE3D20E4264EB2F100DC5EBA /* SimpleTableViewCell.xib in Resources */,
			);
			runOnlyForDeploymentPostprocessing = 0;
		};
/* End PBXResourcesBuildPhase section */

/* Begin PBXSourcesBuildPhase section */
		AEDCBA6C2649DA180098ED69 /* Sources */ = {
			isa = PBXSourcesBuildPhase;
			buildActionMask = 2147483647;
			files = (
				AE39F16D26543DC60040A1DA /* LoadingTableViewCell.swift in Sources */,
				AE3D20ED264EC30600DC5EBA /* Thumbnail.swift in Sources */,
				AEF2FDBF264B0BD600521FC5 /* Constants.swift in Sources */,
				AE3D20E6264EB54E00DC5EBA /* SimpleTableViewCell.swift in Sources */,
				AEC96155264DCE0F0062945A /* CharacterListScenePresenter.swift in Sources */,
				AEC96158264DCE0F0062945A /* CharacterListSceneWorker.swift in Sources */,
				AEF2FDC7264B108300521FC5 /* GeneralApi.swift in Sources */,
				AEF2FDCB264B292B00521FC5 /* Character.swift in Sources */,
				AEC9615B264DCE0F0062945A /* CharacterListSceneRouter.swift in Sources */,
				AEDCBA742649DA180098ED69 /* AppDelegate.swift in Sources */,
				AEC9615E264DCE0F0062945A /* CharacterListSceneModels.swift in Sources */,
				AE39F176265462FE0040A1DA /* Dictionary.swift in Sources */,
				AEC9614B264DCC070062945A /* Utils.swift in Sources */,
				AEDCBA7E2649DA180098ED69 /* MarvelTest.xcdatamodeld in Sources */,
				AE3D20F1264ED11900DC5EBA /* MyViewController.swift in Sources */,
				AEC96164264DCE0F0062945A /* CharacterListSceneInteractor.swift in Sources */,
				AEC96161264DCE0F0062945A /* CharacterListSceneViewController.swift in Sources */,
				AEDCBA762649DA180098ED69 /* SceneDelegate.swift in Sources */,
				AEF2FDD3264B355B00521FC5 /* BaseWrapper.swift in Sources */,
				AEF2FDCF264B2E2000521FC5 /* PaginatedList.swift in Sources */,
				AE39F172265461850040A1DA /* Encodable.swift in Sources */,
			);
			runOnlyForDeploymentPostprocessing = 0;
		};
		AEDCBA852649DA1A0098ED69 /* Sources */ = {
			isa = PBXSourcesBuildPhase;
			buildActionMask = 2147483647;
			files = (
				AEDCBA8E2649DA1A0098ED69 /* MarvelTestTests.swift in Sources */,
				AE39F173265461850040A1DA /* Encodable.swift in Sources */,
				AE39F177265462FE0040A1DA /* Dictionary.swift in Sources */,
				AE39F16E26543DC60040A1DA /* LoadingTableViewCell.swift in Sources */,
				AEC96156264DCE0F0062945A /* CharacterListScenePresenter.swift in Sources */,
				AEF2FDD0264B2E2000521FC5 /* PaginatedList.swift in Sources */,
				AEC9615C264DCE0F0062945A /* CharacterListSceneRouter.swift in Sources */,
				AEC96165264DCE0F0062945A /* CharacterListSceneInteractor.swift in Sources */,
				AEF2FDC8264B108300521FC5 /* GeneralApi.swift in Sources */,
				AEC9615F264DCE0F0062945A /* CharacterListSceneModels.swift in Sources */,
				AEC9614C264DCC070062945A /* Utils.swift in Sources */,
				AE3D20EE264EC30600DC5EBA /* Thumbnail.swift in Sources */,
				AEF2FDC0264B0BD600521FC5 /* Constants.swift in Sources */,
				AEF2FDD4264B355B00521FC5 /* BaseWrapper.swift in Sources */,
				AEF2FDCC264B292B00521FC5 /* Character.swift in Sources */,
				AE3D20E7264EB54E00DC5EBA /* SimpleTableViewCell.swift in Sources */,
				AEC96159264DCE0F0062945A /* CharacterListSceneWorker.swift in Sources */,
				AE3D20F2264ED11900DC5EBA /* MyViewController.swift in Sources */,
				AEC96162264DCE0F0062945A /* CharacterListSceneViewController.swift in Sources */,
			);
			runOnlyForDeploymentPostprocessing = 0;
		};
		AEDCBA902649DA1A0098ED69 /* Sources */ = {
			isa = PBXSourcesBuildPhase;
			buildActionMask = 2147483647;
			files = (
				AEDCBA992649DA1A0098ED69 /* MarvelTestUITests.swift in Sources */,
				AE39F174265461850040A1DA /* Encodable.swift in Sources */,
				AE39F178265462FE0040A1DA /* Dictionary.swift in Sources */,
				AE39F16F26543DC60040A1DA /* LoadingTableViewCell.swift in Sources */,
				AEC96157264DCE0F0062945A /* CharacterListScenePresenter.swift in Sources */,
				AEF2FDD1264B2E2000521FC5 /* PaginatedList.swift in Sources */,
				AEC9615D264DCE0F0062945A /* CharacterListSceneRouter.swift in Sources */,
				AEC96166264DCE0F0062945A /* CharacterListSceneInteractor.swift in Sources */,
				AEF2FDC9264B108300521FC5 /* GeneralApi.swift in Sources */,
				AEC96160264DCE0F0062945A /* CharacterListSceneModels.swift in Sources */,
				AEC9614D264DCC070062945A /* Utils.swift in Sources */,
				AE3D20EF264EC30600DC5EBA /* Thumbnail.swift in Sources */,
				AEF2FDC1264B0BD600521FC5 /* Constants.swift in Sources */,
				AEF2FDD5264B355B00521FC5 /* BaseWrapper.swift in Sources */,
				AEF2FDCD264B292B00521FC5 /* Character.swift in Sources */,
				AE3D20E8264EB54E00DC5EBA /* SimpleTableViewCell.swift in Sources */,
				AEC9615A264DCE0F0062945A /* CharacterListSceneWorker.swift in Sources */,
				AE3D20F3264ED11900DC5EBA /* MyViewController.swift in Sources */,
				AEC96163264DCE0F0062945A /* CharacterListSceneViewController.swift in Sources */,
			);
			runOnlyForDeploymentPostprocessing = 0;
		};
/* End PBXSourcesBuildPhase section */

/* Begin PBXTargetDependency section */
		AEDCBA8B2649DA1A0098ED69 /* PBXTargetDependency */ = {
			isa = PBXTargetDependency;
			target = AEDCBA6F2649DA180098ED69 /* MarvelTest */;
			targetProxy = AEDCBA8A2649DA1A0098ED69 /* PBXContainerItemProxy */;
		};
		AEDCBA962649DA1A0098ED69 /* PBXTargetDependency */ = {
			isa = PBXTargetDependency;
			target = AEDCBA6F2649DA180098ED69 /* MarvelTest */;
			targetProxy = AEDCBA952649DA1A0098ED69 /* PBXContainerItemProxy */;
		};
/* End PBXTargetDependency section */

/* Begin PBXVariantGroup section */
		AEDCBA792649DA180098ED69 /* Main.storyboard */ = {
			isa = PBXVariantGroup;
			children = (
				AEDCBA7A2649DA180098ED69 /* Base */,
			);
			name = Main.storyboard;
			sourceTree = "<group>";
		};
		AEDCBA812649DA1A0098ED69 /* LaunchScreen.storyboard */ = {
			isa = PBXVariantGroup;
			children = (
				AEDCBA822649DA1A0098ED69 /* Base */,
			);
			name = LaunchScreen.storyboard;
			sourceTree = "<group>";
		};
/* End PBXVariantGroup section */

/* Begin XCBuildConfiguration section */
		AEDCBA9B2649DA1A0098ED69 /* Debug */ = {
			isa = XCBuildConfiguration;
			buildSettings = {
				ALWAYS_SEARCH_USER_PATHS = NO;
				CLANG_ANALYZER_NONNULL = YES;
				CLANG_ANALYZER_NUMBER_OBJECT_CONVERSION = YES_AGGRESSIVE;
				CLANG_CXX_LANGUAGE_STANDARD = "gnu++14";
				CLANG_CXX_LIBRARY = "libc++";
				CLANG_ENABLE_MODULES = YES;
				CLANG_ENABLE_OBJC_ARC = YES;
				CLANG_ENABLE_OBJC_WEAK = YES;
				CLANG_WARN_BLOCK_CAPTURE_AUTORELEASING = YES;
				CLANG_WARN_BOOL_CONVERSION = YES;
				CLANG_WARN_COMMA = YES;
				CLANG_WARN_CONSTANT_CONVERSION = YES;
				CLANG_WARN_DEPRECATED_OBJC_IMPLEMENTATIONS = YES;
				CLANG_WARN_DIRECT_OBJC_ISA_USAGE = YES_ERROR;
				CLANG_WARN_DOCUMENTATION_COMMENTS = YES;
				CLANG_WARN_EMPTY_BODY = YES;
				CLANG_WARN_ENUM_CONVERSION = YES;
				CLANG_WARN_INFINITE_RECURSION = YES;
				CLANG_WARN_INT_CONVERSION = YES;
				CLANG_WARN_NON_LITERAL_NULL_CONVERSION = YES;
				CLANG_WARN_OBJC_IMPLICIT_RETAIN_SELF = YES;
				CLANG_WARN_OBJC_LITERAL_CONVERSION = YES;
				CLANG_WARN_OBJC_ROOT_CLASS = YES_ERROR;
				CLANG_WARN_QUOTED_INCLUDE_IN_FRAMEWORK_HEADER = YES;
				CLANG_WARN_RANGE_LOOP_ANALYSIS = YES;
				CLANG_WARN_STRICT_PROTOTYPES = YES;
				CLANG_WARN_SUSPICIOUS_MOVE = YES;
				CLANG_WARN_UNGUARDED_AVAILABILITY = YES_AGGRESSIVE;
				CLANG_WARN_UNREACHABLE_CODE = YES;
				CLANG_WARN__DUPLICATE_METHOD_MATCH = YES;
				COPY_PHASE_STRIP = NO;
				DEBUG_INFORMATION_FORMAT = dwarf;
				ENABLE_STRICT_OBJC_MSGSEND = YES;
				ENABLE_TESTABILITY = YES;
				GCC_C_LANGUAGE_STANDARD = gnu11;
				GCC_DYNAMIC_NO_PIC = NO;
				GCC_NO_COMMON_BLOCKS = YES;
				GCC_OPTIMIZATION_LEVEL = 0;
				GCC_PREPROCESSOR_DEFINITIONS = (
					"DEBUG=1",
					"$(inherited)",
				);
				GCC_WARN_64_TO_32_BIT_CONVERSION = YES;
				GCC_WARN_ABOUT_RETURN_TYPE = YES_ERROR;
				GCC_WARN_UNDECLARED_SELECTOR = YES;
				GCC_WARN_UNINITIALIZED_AUTOS = YES_AGGRESSIVE;
				GCC_WARN_UNUSED_FUNCTION = YES;
				GCC_WARN_UNUSED_VARIABLE = YES;
				IPHONEOS_DEPLOYMENT_TARGET = 14.5;
				MTL_ENABLE_DEBUG_INFO = INCLUDE_SOURCE;
				MTL_FAST_MATH = YES;
				ONLY_ACTIVE_ARCH = YES;
				SDKROOT = iphoneos;
				SWIFT_ACTIVE_COMPILATION_CONDITIONS = DEBUG;
				SWIFT_OPTIMIZATION_LEVEL = "-Onone";
			};
			name = Debug;
		};
		AEDCBA9C2649DA1A0098ED69 /* Release */ = {
			isa = XCBuildConfiguration;
			buildSettings = {
				ALWAYS_SEARCH_USER_PATHS = NO;
				CLANG_ANALYZER_NONNULL = YES;
				CLANG_ANALYZER_NUMBER_OBJECT_CONVERSION = YES_AGGRESSIVE;
				CLANG_CXX_LANGUAGE_STANDARD = "gnu++14";
				CLANG_CXX_LIBRARY = "libc++";
				CLANG_ENABLE_MODULES = YES;
				CLANG_ENABLE_OBJC_ARC = YES;
				CLANG_ENABLE_OBJC_WEAK = YES;
				CLANG_WARN_BLOCK_CAPTURE_AUTORELEASING = YES;
				CLANG_WARN_BOOL_CONVERSION = YES;
				CLANG_WARN_COMMA = YES;
				CLANG_WARN_CONSTANT_CONVERSION = YES;
				CLANG_WARN_DEPRECATED_OBJC_IMPLEMENTATIONS = YES;
				CLANG_WARN_DIRECT_OBJC_ISA_USAGE = YES_ERROR;
				CLANG_WARN_DOCUMENTATION_COMMENTS = YES;
				CLANG_WARN_EMPTY_BODY = YES;
				CLANG_WARN_ENUM_CONVERSION = YES;
				CLANG_WARN_INFINITE_RECURSION = YES;
				CLANG_WARN_INT_CONVERSION = YES;
				CLANG_WARN_NON_LITERAL_NULL_CONVERSION = YES;
				CLANG_WARN_OBJC_IMPLICIT_RETAIN_SELF = YES;
				CLANG_WARN_OBJC_LITERAL_CONVERSION = YES;
				CLANG_WARN_OBJC_ROOT_CLASS = YES_ERROR;
				CLANG_WARN_QUOTED_INCLUDE_IN_FRAMEWORK_HEADER = YES;
				CLANG_WARN_RANGE_LOOP_ANALYSIS = YES;
				CLANG_WARN_STRICT_PROTOTYPES = YES;
				CLANG_WARN_SUSPICIOUS_MOVE = YES;
				CLANG_WARN_UNGUARDED_AVAILABILITY = YES_AGGRESSIVE;
				CLANG_WARN_UNREACHABLE_CODE = YES;
				CLANG_WARN__DUPLICATE_METHOD_MATCH = YES;
				COPY_PHASE_STRIP = NO;
				DEBUG_INFORMATION_FORMAT = "dwarf-with-dsym";
				ENABLE_NS_ASSERTIONS = NO;
				ENABLE_STRICT_OBJC_MSGSEND = YES;
				GCC_C_LANGUAGE_STANDARD = gnu11;
				GCC_NO_COMMON_BLOCKS = YES;
				GCC_WARN_64_TO_32_BIT_CONVERSION = YES;
				GCC_WARN_ABOUT_RETURN_TYPE = YES_ERROR;
				GCC_WARN_UNDECLARED_SELECTOR = YES;
				GCC_WARN_UNINITIALIZED_AUTOS = YES_AGGRESSIVE;
				GCC_WARN_UNUSED_FUNCTION = YES;
				GCC_WARN_UNUSED_VARIABLE = YES;
				IPHONEOS_DEPLOYMENT_TARGET = 14.5;
				MTL_ENABLE_DEBUG_INFO = NO;
				MTL_FAST_MATH = YES;
				SDKROOT = iphoneos;
				SWIFT_COMPILATION_MODE = wholemodule;
				SWIFT_OPTIMIZATION_LEVEL = "-O";
				VALIDATE_PRODUCT = YES;
			};
			name = Release;
		};
		AEDCBA9E2649DA1A0098ED69 /* Debug */ = {
			isa = XCBuildConfiguration;
			buildSettings = {
				ASSETCATALOG_COMPILER_APPICON_NAME = AppIcon;
				ASSETCATALOG_COMPILER_GLOBAL_ACCENT_COLOR_NAME = AccentColor;
				CODE_SIGN_IDENTITY = "Apple Development";
				CODE_SIGN_STYLE = Automatic;
				DEVELOPMENT_TEAM = 43DWPZL2LE;
				INFOPLIST_FILE = MarvelTest/Info.plist;
				LD_RUNPATH_SEARCH_PATHS = (
					"$(inherited)",
					"@executable_path/Frameworks",
				);
				PRODUCT_BUNDLE_IDENTIFIER = com.jsv.MarvelTest;
				PRODUCT_NAME = "$(TARGET_NAME)";
				PROVISIONING_PROFILE_SPECIFIER = "";
				SWIFT_VERSION = 5.0;
				TARGETED_DEVICE_FAMILY = 1;
			};
			name = Debug;
		};
		AEDCBA9F2649DA1A0098ED69 /* Release */ = {
			isa = XCBuildConfiguration;
			buildSettings = {
				ASSETCATALOG_COMPILER_APPICON_NAME = AppIcon;
				ASSETCATALOG_COMPILER_GLOBAL_ACCENT_COLOR_NAME = AccentColor;
				CODE_SIGN_IDENTITY = "Apple Development";
				CODE_SIGN_STYLE = Automatic;
				DEVELOPMENT_TEAM = 43DWPZL2LE;
				INFOPLIST_FILE = MarvelTest/Info.plist;
				LD_RUNPATH_SEARCH_PATHS = (
					"$(inherited)",
					"@executable_path/Frameworks",
				);
				PRODUCT_BUNDLE_IDENTIFIER = com.jsv.MarvelTest;
				PRODUCT_NAME = "$(TARGET_NAME)";
				PROVISIONING_PROFILE_SPECIFIER = "";
				SWIFT_VERSION = 5.0;
				TARGETED_DEVICE_FAMILY = 1;
			};
			name = Release;
		};
		AEDCBAA12649DA1A0098ED69 /* Debug */ = {
			isa = XCBuildConfiguration;
			buildSettings = {
				ALWAYS_EMBED_SWIFT_STANDARD_LIBRARIES = YES;
				BUNDLE_LOADER = "$(TEST_HOST)";
				CODE_SIGN_STYLE = Automatic;
				DEVELOPMENT_TEAM = PJ2K7C827G;
				INFOPLIST_FILE = MarvelTestTests/Info.plist;
				IPHONEOS_DEPLOYMENT_TARGET = 14.5;
				LD_RUNPATH_SEARCH_PATHS = (
					"$(inherited)",
					"@executable_path/Frameworks",
					"@loader_path/Frameworks",
				);
				PRODUCT_BUNDLE_IDENTIFIER = com.jsv.MarvelTestTests;
				PRODUCT_NAME = "$(TARGET_NAME)";
				SWIFT_VERSION = 5.0;
				TARGETED_DEVICE_FAMILY = "1,2";
				TEST_HOST = "$(BUILT_PRODUCTS_DIR)/MarvelTest.app/MarvelTest";
			};
			name = Debug;
		};
		AEDCBAA22649DA1A0098ED69 /* Release */ = {
			isa = XCBuildConfiguration;
			buildSettings = {
				ALWAYS_EMBED_SWIFT_STANDARD_LIBRARIES = YES;
				BUNDLE_LOADER = "$(TEST_HOST)";
				CODE_SIGN_STYLE = Automatic;
				DEVELOPMENT_TEAM = PJ2K7C827G;
				INFOPLIST_FILE = MarvelTestTests/Info.plist;
				IPHONEOS_DEPLOYMENT_TARGET = 14.5;
				LD_RUNPATH_SEARCH_PATHS = (
					"$(inherited)",
					"@executable_path/Frameworks",
					"@loader_path/Frameworks",
				);
				PRODUCT_BUNDLE_IDENTIFIER = com.jsv.MarvelTestTests;
				PRODUCT_NAME = "$(TARGET_NAME)";
				SWIFT_VERSION = 5.0;
				TARGETED_DEVICE_FAMILY = "1,2";
				TEST_HOST = "$(BUILT_PRODUCTS_DIR)/MarvelTest.app/MarvelTest";
			};
			name = Release;
		};
		AEDCBAA42649DA1A0098ED69 /* Debug */ = {
			isa = XCBuildConfiguration;
			buildSettings = {
				ALWAYS_EMBED_SWIFT_STANDARD_LIBRARIES = YES;
				CODE_SIGN_STYLE = Automatic;
				DEVELOPMENT_TEAM = PJ2K7C827G;
				INFOPLIST_FILE = MarvelTestUITests/Info.plist;
				LD_RUNPATH_SEARCH_PATHS = (
					"$(inherited)",
					"@executable_path/Frameworks",
					"@loader_path/Frameworks",
				);
				PRODUCT_BUNDLE_IDENTIFIER = com.jsv.MarvelTestUITests;
				PRODUCT_NAME = "$(TARGET_NAME)";
				SWIFT_VERSION = 5.0;
				TARGETED_DEVICE_FAMILY = "1,2";
				TEST_TARGET_NAME = MarvelTest;
			};
			name = Debug;
		};
		AEDCBAA52649DA1A0098ED69 /* Release */ = {
			isa = XCBuildConfiguration;
			buildSettings = {
				ALWAYS_EMBED_SWIFT_STANDARD_LIBRARIES = YES;
				CODE_SIGN_STYLE = Automatic;
				DEVELOPMENT_TEAM = PJ2K7C827G;
				INFOPLIST_FILE = MarvelTestUITests/Info.plist;
				LD_RUNPATH_SEARCH_PATHS = (
					"$(inherited)",
					"@executable_path/Frameworks",
					"@loader_path/Frameworks",
				);
				PRODUCT_BUNDLE_IDENTIFIER = com.jsv.MarvelTestUITests;
				PRODUCT_NAME = "$(TARGET_NAME)";
				SWIFT_VERSION = 5.0;
				TARGETED_DEVICE_FAMILY = "1,2";
				TEST_TARGET_NAME = MarvelTest;
			};
			name = Release;
		};
/* End XCBuildConfiguration section */

/* Begin XCConfigurationList section */
		AEDCBA6B2649DA170098ED69 /* Build configuration list for PBXProject "MarvelTest" */ = {
			isa = XCConfigurationList;
			buildConfigurations = (
				AEDCBA9B2649DA1A0098ED69 /* Debug */,
				AEDCBA9C2649DA1A0098ED69 /* Release */,
			);
			defaultConfigurationIsVisible = 0;
			defaultConfigurationName = Release;
		};
		AEDCBA9D2649DA1A0098ED69 /* Build configuration list for PBXNativeTarget "MarvelTest" */ = {
			isa = XCConfigurationList;
			buildConfigurations = (
				AEDCBA9E2649DA1A0098ED69 /* Debug */,
				AEDCBA9F2649DA1A0098ED69 /* Release */,
			);
			defaultConfigurationIsVisible = 0;
			defaultConfigurationName = Release;
		};
		AEDCBAA02649DA1A0098ED69 /* Build configuration list for PBXNativeTarget "MarvelTestTests" */ = {
			isa = XCConfigurationList;
			buildConfigurations = (
				AEDCBAA12649DA1A0098ED69 /* Debug */,
				AEDCBAA22649DA1A0098ED69 /* Release */,
			);
			defaultConfigurationIsVisible = 0;
			defaultConfigurationName = Release;
		};
		AEDCBAA32649DA1A0098ED69 /* Build configuration list for PBXNativeTarget "MarvelTestUITests" */ = {
			isa = XCConfigurationList;
			buildConfigurations = (
				AEDCBAA42649DA1A0098ED69 /* Debug */,
				AEDCBAA52649DA1A0098ED69 /* Release */,
			);
			defaultConfigurationIsVisible = 0;
			defaultConfigurationName = Release;
		};
/* End XCConfigurationList section */

/* Begin XCRemoteSwiftPackageReference section */
		AE3D20E9264EB63B00DC5EBA /* XCRemoteSwiftPackageReference "SkeletonView" */ = {
			isa = XCRemoteSwiftPackageReference;
			repositoryURL = "https://github.com/Juanpe/SkeletonView";
			requirement = {
				kind = upToNextMajorVersion;
				minimumVersion = 1.15.0;
			};
		};
		AEDCBAA6264AFDCA0098ED69 /* XCRemoteSwiftPackageReference "Alamofire" */ = {
			isa = XCRemoteSwiftPackageReference;
			repositoryURL = "https://github.com/Alamofire/Alamofire";
			requirement = {
				kind = upToNextMajorVersion;
				minimumVersion = 5.4.3;
			};
		};
		AEDCBAA9264AFDEB0098ED69 /* XCRemoteSwiftPackageReference "AlamofireImage" */ = {
			isa = XCRemoteSwiftPackageReference;
			repositoryURL = "https://github.com/Alamofire/AlamofireImage";
			requirement = {
				kind = upToNextMajorVersion;
				minimumVersion = 4.2.0;
			};
		};
		AEDCBAAC264AFE010098ED69 /* XCRemoteSwiftPackageReference "SwiftyJSON" */ = {
			isa = XCRemoteSwiftPackageReference;
			repositoryURL = "https://github.com/SwiftyJSON/SwiftyJSON";
			requirement = {
				kind = upToNextMajorVersion;
				minimumVersion = 5.0.1;
			};
		};
/* End XCRemoteSwiftPackageReference section */

/* Begin XCSwiftPackageProductDependency section */
		AE3D20EA264EB63B00DC5EBA /* SkeletonView */ = {
			isa = XCSwiftPackageProductDependency;
			package = AE3D20E9264EB63B00DC5EBA /* XCRemoteSwiftPackageReference "SkeletonView" */;
			productName = SkeletonView;
		};
		AEDCBAA7264AFDCA0098ED69 /* Alamofire */ = {
			isa = XCSwiftPackageProductDependency;
			package = AEDCBAA6264AFDCA0098ED69 /* XCRemoteSwiftPackageReference "Alamofire" */;
			productName = Alamofire;
		};
		AEDCBAAA264AFDEB0098ED69 /* AlamofireImage */ = {
			isa = XCSwiftPackageProductDependency;
			package = AEDCBAA9264AFDEB0098ED69 /* XCRemoteSwiftPackageReference "AlamofireImage" */;
			productName = AlamofireImage;
		};
		AEDCBAAD264AFE010098ED69 /* SwiftyJSON */ = {
			isa = XCSwiftPackageProductDependency;
			package = AEDCBAAC264AFE010098ED69 /* XCRemoteSwiftPackageReference "SwiftyJSON" */;
			productName = SwiftyJSON;
		};
/* End XCSwiftPackageProductDependency section */

/* Begin XCVersionGroup section */
		AEDCBA7C2649DA180098ED69 /* MarvelTest.xcdatamodeld */ = {
			isa = XCVersionGroup;
			children = (
				AEDCBA7D2649DA180098ED69 /* MarvelTest.xcdatamodel */,
			);
			currentVersion = AEDCBA7D2649DA180098ED69 /* MarvelTest.xcdatamodel */;
			path = MarvelTest.xcdatamodeld;
			sourceTree = "<group>";
			versionGroupType = wrapper.xcdatamodel;
		};
/* End XCVersionGroup section */
	};
	rootObject = AEDCBA682649DA170098ED69 /* Project object */;
}
